# THIS IS AN AUTOGENERATED FILE. DO NOT EDIT THIS FILE DIRECTLY.
# yarn lockfile v1


"@react-navigation/core@^7.6.1":
  version "7.6.1"
  resolved "https://registry.yarnpkg.com/@react-navigation/core/-/core-7.6.1.tgz#d73f8884515c3f58b1179b34a728f2b78e7efa33"
  integrity sha512-mbqL0dYFTlKlSjgZz1Mm/CVEa7cnvEc7kE5Te9q3Z3/iFHdlZmKxEWAdRU2cUnpCXwo3DvmAENzVHbHsTKtT5Q==
  dependencies:
    "@react-navigation/routers" "^7.3.1"
    escape-string-regexp "^4.0.0"
    nanoid "3.3.8"
    query-string "^7.1.3"
    react-is "^18.2.0"
    use-latest-callback "^0.2.1"
    use-sync-external-store "^1.2.2"

"@react-navigation/native@^7.0.18":
  version "7.0.18"
  resolved "https://registry.yarnpkg.com/@react-navigation/native/-/native-7.0.18.tgz#2baf0f120b3e70289e2216225e412e186c8c07e9"
  integrity sha512-XDOfbY/M8IMMyLY9iVW0f6nCYs3iZbAP2njKV2TpT6rG0VX4xVBl2VhrZe55XBFtJFawLMsb13c/QUSTn5O4Lg==
  dependencies:
    "@react-navigation/core" "^7.6.1"
    escape-string-regexp "^4.0.0"
    fast-deep-equal "^3.1.3"
    nanoid "3.3.8"
    use-latest-callback "^0.2.1"

"@react-navigation/routers@^7.3.1":
  version "7.3.1"
  resolved "https://registry.yarnpkg.com/@react-navigation/routers/-/routers-7.3.1.tgz#3068bb677b6cc9dbdaaea1aef23fbba2393b9bb8"
  integrity sha512-d0hJi4eZJQB84JtHlA3HDR9VHoKDfyknSCdz/7a3Mdz1OJDZsvU+qjfK2c9mxNFd+ak/ekLhEkwwh8QtVF0faw==
  dependencies:
    nanoid "3.3.8"

decode-uri-component@^0.2.2:
  version "0.2.2"
  resolved "https://registry.yarnpkg.com/decode-uri-component/-/decode-uri-component-0.2.2.tgz#e69dbe25d37941171dd540e024c444cd5188e1e9"
  integrity sha512-FqUYQ+8o158GyGTrMFJms9qh3CqTKvAqgqsTnkLI8sKu0028orqBhxNMFkFen0zGyg6epACD32pjVk58ngIErQ==

escape-string-regexp@^4.0.0:
  version "4.0.0"
  resolved "https://registry.yarnpkg.com/escape-string-regexp/-/escape-string-regexp-4.0.0.tgz#14ba83a5d373e3d311e5afca29cf5bfad965bf34"
  integrity sha512-TtpcNJ3XAzx3Gq8sWRzJaVajRs0uVxA2YAkdb1jm2YkPz4G6egUFAyA3n5vtEIZefPk5Wa4UXbKuS5fKkJWdgA==

fast-deep-equal@^3.1.3:
  version "3.1.3"
  resolved "https://registry.yarnpkg.com/fast-deep-equal/-/fast-deep-equal-3.1.3.tgz#3a7d56b559d6cbc3eb512325244e619a65c6c525"
  integrity sha512-f3qQ9oQy9j2AhBe/H9VC91wLmKBCCU/gDOnKNAYG5hswO7BLKj09Hc5HYNz9cGI++xlpDCIgDaitVs03ATR84Q==

filter-obj@^1.1.0:
  version "1.1.0"
  resolved "https://registry.yarnpkg.com/filter-obj/-/filter-obj-1.1.0.tgz#9b311112bc6c6127a16e016c6c5d7f19e0805c5b"
  integrity sha512-8rXg1ZnX7xzy2NGDVkBVaAy+lSlPNwad13BtgSlLuxfIslyt5Vg64U7tFcCt4WS1R0hvtnQybT/IyCkGZ3DpXQ==

nanoid@3.3.8:
  version "3.3.8"
  resolved "https://registry.yarnpkg.com/nanoid/-/nanoid-3.3.8.tgz#b1be3030bee36aaff18bacb375e5cce521684baf"
  integrity sha512-WNLf5Sd8oZxOm+TzppcYk8gVOgP+l58xNy58D0nbUnOxOWRWvlcCV4kUF7ltmI6PsrLl/BgKEyS4mqsGChFN0w==

query-string@^7.1.3:
  version "7.1.3"
  resolved "https://registry.yarnpkg.com/query-string/-/query-string-7.1.3.tgz#a1cf90e994abb113a325804a972d98276fe02328"
  integrity sha512-hh2WYhq4fi8+b+/2Kg9CEge4fDPvHS534aOOvOZeQ3+Vf2mCFsaFBYj0i+iXcAq6I9Vzp5fjMFBlONvayDC1qg==
  dependencies:
    decode-uri-component "^0.2.2"
    filter-obj "^1.1.0"
    split-on-first "^1.0.0"
    strict-uri-encode "^2.0.0"

react-freeze@^1.0.0:
  version "1.0.4"
  resolved "https://registry.yarnpkg.com/react-freeze/-/react-freeze-1.0.4.tgz#cbbea2762b0368b05cbe407ddc9d518c57c6f3ad"
  integrity sha512-r4F0Sec0BLxWicc7HEyo2x3/2icUTrRmDjaaRyzzn+7aDyFZliszMDOgLVwSnQnYENOlL1o569Ze2HZefk8clA==

react-is@^18.2.0:
  version "18.3.1"
  resolved "https://registry.yarnpkg.com/react-is/-/react-is-18.3.1.tgz#e83557dc12eae63a99e003a46388b1dcbb44db7e"
  integrity sha512-/LLMVyas0ljjAtoYiPqYiL8VWXzUUdThrmU5+n20DZv+a+ClRoevUzw5JxU+Ieh5/c87ytoTBV9G1FiKfNJdmg==

react-native-safe-area-context@^5.3.0:
  version "5.3.0"
  resolved "https://registry.yarnpkg.com/react-native-safe-area-context/-/react-native-safe-area-context-5.3.0.tgz#272e6786a58aafe3362fde4d3233713b66158179"
  integrity sha512-glV9bwuozTjf/JDBIBm+ITnukHNaUT3nucgdeADwjtHsfEN3RL5UO6nq99vvdWv5j/O9yCZBvFncM1BBQ+UvpQ==

react-native-screens@^4.9.2:
  version "4.9.2"
  resolved "https://registry.yarnpkg.com/react-native-screens/-/react-native-screens-4.9.2.tgz#40bb8a405997414e1258b51175662880f8588397"
  integrity sha512-87gR7XRIirACYxtYltEl1BbUo5r0W4AFPckUDDzATAN6LIUZ2PC3bX6UAFeoEBEqBbfaemRZTWSYHl6MCZFSgw==
  dependencies:
    react-freeze "^1.0.0"
    warn-once "^0.1.0"

split-on-first@^1.0.0:
  version "1.1.0"
  resolved "https://registry.yarnpkg.com/split-on-first/-/split-on-first-1.1.0.tgz#f610afeee3b12bce1d0c30425e76398b78249a5f"
  integrity sha512-43ZssAJaMusuKWL8sKUBQXHWOpq8d6CfN/u1p4gUzfJkM05C8rxTmYrkIPTXapZpORA6LkkzcUulJ8FqA7Uudw==

strict-uri-encode@^2.0.0:
  version "2.0.0"
  resolved "https://registry.yarnpkg.com/strict-uri-encode/-/strict-uri-encode-2.0.0.tgz#b9c7330c7042862f6b142dc274bbcc5866ce3546"
  integrity sha512-QwiXZgpRcKkhTj2Scnn++4PKtWsH0kpzZ62L2R6c/LUVYv7hVnZqcg2+sMuT6R7Jusu1vviK/MFsu6kNJfWlEQ==

use-latest-callback@^0.2.1:
  version "0.2.3"
  resolved "https://registry.yarnpkg.com/use-latest-callback/-/use-latest-callback-0.2.3.tgz#2d644d3063040b9bc2d4c55bb525a13ae3de9e16"
  integrity sha512-7vI3fBuyRcP91pazVboc4qu+6ZqM8izPWX9k7cRnT8hbD5svslcknsh3S9BUhaK11OmgTV4oWZZVSeQAiV53SQ==

use-sync-external-store@^1.2.2:
  version "1.4.0"
  resolved "https://registry.yarnpkg.com/use-sync-external-store/-/use-sync-external-store-1.4.0.tgz#adbc795d8eeb47029963016cefdf89dc799fcebc"
  integrity sha512-9WXSPC5fMv61vaupRkCKCxsPxBocVnwakBEkMIHHpkTTg6icbJtg6jzgtLDm4bl3cSHAca52rYWih0k4K3PfHw==

warn-once@^0.1.0:
  version "0.1.1"
  resolved "https://registry.yarnpkg.com/warn-once/-/warn-once-0.1.1.tgz#952088f4fb56896e73fd4e6a3767272a3fccce43"
  integrity sha512-VkQZJbO8zVImzYFteBXvBOZEl1qL175WH8VmZcxF2fZAoudNhNDvHi+doCaAEdU2l2vtcIwa2zn0QK5+I1HQ3Q==
